// !$*UTF8*$!
{
	archiveVersion = 1;
	classes = {
	};
	objectVersion = 50;
	objects = {

/* Begin PBXBuildFile section */
		B8596CC72650066B00C9CC67 /* SivasSightsFetchAPI.framework in Frameworks */ = {isa = PBXBuildFile; fileRef = B8596CBD2650066A00C9CC67 /* SivasSightsFetchAPI.framework */; };
		B8596CCC2650066B00C9CC67 /* SivasSightsFetchAPITests.swift in Sources */ = {isa = PBXBuildFile; fileRef = B8596CCB2650066B00C9CC67 /* SivasSightsFetchAPITests.swift */; };
		B8596CCE2650066B00C9CC67 /* SivasSightsFetchAPI.h in Headers */ = {isa = PBXBuildFile; fileRef = B8596CC02650066A00C9CC67 /* SivasSightsFetchAPI.h */; settings = {ATTRIBUTES = (Public, ); }; };
		B8596CDA265006F700C9CC67 /* Sight.swift in Sources */ = {isa = PBXBuildFile; fileRef = B8596CD9265006F700C9CC67 /* Sight.swift */; };
/* End PBXBuildFile section */

/* Begin PBXContainerItemProxy section */
		B8596CC82650066B00C9CC67 /* PBXContainerItemProxy */ = {
			isa = PBXContainerItemProxy;
			containerPortal = B8596CB42650066A00C9CC67 /* Project object */;
			proxyType = 1;
			remoteGlobalIDString = B8596CBC2650066A00C9CC67;
			remoteInfo = SivasSightsFetchAPI;
		};
/* End PBXContainerItemProxy section */

/* Begin PBXFileReference section */
		B8596CBD2650066A00C9CC67 /* SivasSightsFetchAPI.framework */ = {isa = PBXFileReference; explicitFileType = wrapper.framework; includeInIndex = 0; path = SivasSightsFetchAPI.framework; sourceTree = BUILT_PRODUCTS_DIR; };
		B8596CC02650066A00C9CC67 /* SivasSightsFetchAPI.h */ = {isa = PBXFileReference; lastKnownFileType = sourcecode.c.h; path = SivasSightsFetchAPI.h; sourceTree = "<group>"; };
		B8596CC12650066A00C9CC67 /* Info.plist */ = {isa = PBXFileReference; lastKnownFileType = text.plist.xml; path = Info.plist; sourceTree = "<group>"; };
		B8596CC62650066B00C9CC67 /* SivasSightsFetchAPITests.xctest */ = {isa = PBXFileReference; explicitFileType = wrapper.cfbundle; includeInIndex = 0; path = SivasSightsFetchAPITests.xctest; sourceTree = BUILT_PRODUCTS_DIR; };
		B8596CCB2650066B00C9CC67 /* SivasSightsFetchAPITests.swift */ = {isa = PBXFileReference; lastKnownFileType = sourcecode.swift; path = SivasSightsFetchAPITests.swift; sourceTree = "<group>"; };
		B8596CCD2650066B00C9CC67 /* Info.plist */ = {isa = PBXFileReference; lastKnownFileType = text.plist.xml; path = Info.plist; sourceTree = "<group>"; };
		B8596CD9265006F700C9CC67 /* Sight.swift */ = {isa = PBXFileReference; lastKnownFileType = sourcecode.swift; path = Sight.swift; sourceTree = "<group>"; };
/* End PBXFileReference section */

/* Begin PBXFrameworksBuildPhase section */
		B8596CBA2650066A00C9CC67 /* Frameworks */ = {
			isa = PBXFrameworksBuildPhase;
			buildActionMask = 2147483647;
			files = (
			);
			runOnlyForDeploymentPostprocessing = 0;
		};
		B8596CC32650066B00C9CC67 /* Frameworks */ = {
			isa = PBXFrameworksBuildPhase;
			buildActionMask = 2147483647;
			files = (
				B8596CC72650066B00C9CC67 /* SivasSightsFetchAPI.framework in Frameworks */,
			);
			runOnlyForDeploymentPostprocessing = 0;
		};
/* End PBXFrameworksBuildPhase section */

/* Begin PBXGroup section */
		B8596CB32650066A00C9CC67 = {
			isa = PBXGroup;
			children = (
				B8596CBF2650066A00C9CC67 /* SivasSightsFetchAPI */,
				B8596CCA2650066B00C9CC67 /* SivasSightsFetchAPITests */,
				B8596CBE2650066A00C9CC67 /* Products */,
			);
			sourceTree = "<group>";
		};
		B8596CBE2650066A00C9CC67 /* Products */ = {
			isa = PBXGroup;
			children = (
				B8596CBD2650066A00C9CC67 /* SivasSightsFetchAPI.framework */,
				B8596CC62650066B00C9CC67 /* SivasSightsFetchAPITests.xctest */,
			);
			name = Products;
			sourceTree = "<group>";
		};
		B8596CBF2650066A00C9CC67 /* SivasSightsFetchAPI */ = {
			isa = PBXGroup;
			children = (
				B8596CC02650066A00C9CC67 /* SivasSightsFetchAPI.h */,
				B8596CC12650066A00C9CC67 /* Info.plist */,
				B8596CD9265006F700C9CC67 /* Sight.swift */,
			);
			path = SivasSightsFetchAPI;
			sourceTree = "<group>";
		};
		B8596CCA2650066B00C9CC67 /* SivasSightsFetchAPITests */ = {
			isa = PBXGroup;
			children = (
				B8596CCB2650066B00C9CC67 /* SivasSightsFetchAPITests.swift */,
				B8596CCD2650066B00C9CC67 /* Info.plist */,
			);
			path = SivasSightsFetchAPITests;
			sourceTree = "<group>";
		};
/* End PBXGroup section */

/* Begin PBXHeadersBuildPhase section */
		B8596CB82650066A00C9CC67 /* Headers */ = {
			isa = PBXHeadersBuildPhase;
			buildActionMask = 2147483647;
			files = (
				B8596CCE2650066B00C9CC67 /* SivasSightsFetchAPI.h in Headers */,
			);
			runOnlyForDeploymentPostprocessing = 0;
		};
/* End PBXHeadersBuildPhase section */

/* Begin PBXNativeTarget section */
		B8596CBC2650066A00C9CC67 /* SivasSightsFetchAPI */ = {
			isa = PBXNativeTarget;
			buildConfigurationList = B8596CD12650066B00C9CC67 /* Build configuration list for PBXNativeTarget "SivasSightsFetchAPI" */;
			buildPhases = (
				B8596CB82650066A00C9CC67 /* Headers */,
				B8596CB92650066A00C9CC67 /* Sources */,
				B8596CBA2650066A00C9CC67 /* Frameworks */,
				B8596CBB2650066A00C9CC67 /* Resources */,
			);
			buildRules = (
			);
			dependencies = (
			);
			name = SivasSightsFetchAPI;
			productName = SivasSightsFetchAPI;
			productReference = B8596CBD2650066A00C9CC67 /* SivasSightsFetchAPI.framework */;
			productType = "com.apple.product-type.framework";
		};
		B8596CC52650066B00C9CC67 /* SivasSightsFetchAPITests */ = {
			isa = PBXNativeTarget;
			buildConfigurationList = B8596CD42650066B00C9CC67 /* Build configuration list for PBXNativeTarget "SivasSightsFetchAPITests" */;
			buildPhases = (
				B8596CC22650066B00C9CC67 /* Sources */,
				B8596CC32650066B00C9CC67 /* Frameworks */,
				B8596CC42650066B00C9CC67 /* Resources */,
			);
			buildRules = (
			);
			dependencies = (
				B8596CC92650066B00C9CC67 /* PBXTargetDependency */,
			);
			name = SivasSightsFetchAPITests;
			productName = SivasSightsFetchAPITests;
			productReference = B8596CC62650066B00C9CC67 /* SivasSightsFetchAPITests.xctest */;
			productType = "com.apple.product-type.bundle.unit-test";
		};
/* End PBXNativeTarget section */

/* Begin PBXProject section */
		B8596CB42650066A00C9CC67 /* Project object */ = {
			isa = PBXProject;
			attributes = {
				LastSwiftUpdateCheck = 1240;
				LastUpgradeCheck = 1240;
				TargetAttributes = {
					B8596CBC2650066A00C9CC67 = {
						CreatedOnToolsVersion = 12.4;
						LastSwiftMigration = 1240;
					};
					B8596CC52650066B00C9CC67 = {
						CreatedOnToolsVersion = 12.4;
					};
				};
			};
			buildConfigurationList = B8596CB72650066A00C9CC67 /* Build configuration list for PBXProject "SivasSightsFetchAPI" */;
			compatibilityVersion = "Xcode 9.3";
			developmentRegion = en;
			hasScannedForEncodings = 0;
			knownRegions = (
				en,
				Base,
			);
			mainGroup = B8596CB32650066A00C9CC67;
			productRefGroup = B8596CBE2650066A00C9CC67 /* Products */;
			projectDirPath = "";
			projectRoot = "";
			targets = (
				B8596CBC2650066A00C9CC67 /* SivasSightsFetchAPI */,
				B8596CC52650066B00C9CC67 /* SivasSightsFetchAPITests */,
			);
		};
/* End PBXProject section */

/* Begin PBXResourcesBuildPhase section */
		B8596CBB2650066A00C9CC67 /* Resources */ = {
			isa = PBXResourcesBuildPhase;
			buildActionMask = 2147483647;
			files = (
			);
			runOnlyForDeploymentPostprocessing = 0;
		};
		B8596CC42650066B00C9CC67 /* Resources */ = {
			isa = PBXResourcesBuildPhase;
			buildActionMask = 2147483647;
			files = (
			);
			runOnlyForDeploymentPostprocessing = 0;
		};
/* End PBXResourcesBuildPhase section */

/* Begin PBXSourcesBuildPhase section */
		B8596CB92650066A00C9CC67 /* Sources */ = {
			isa = PBXSourcesBuildPhase;
			buildActionMask = 2147483647;
			files = (
				B8596CDA265006F700C9CC67 /* Sight.swift in Sources */,
			);
			runOnlyForDeploymentPostprocessing = 0;
		};
		B8596CC22650066B00C9CC67 /* Sources */ = {
			isa = PBXSourcesBuildPhase;
			buildActionMask = 2147483647;
			files = (
				B8596CCC2650066B00C9CC67 /* SivasSightsFetchAPITests.swift in Sources */,
			);
			runOnlyForDeploymentPostprocessing = 0;
		};
/* End PBXSourcesBuildPhase section */

/* Begin PBXTargetDependency section */
		B8596CC92650066B00C9CC67 /* PBXTargetDependency */ = {
			isa = PBXTargetDependency;
			target = B8596CBC2650066A00C9CC67 /* SivasSightsFetchAPI */;
			targetProxy = B8596CC82650066B00C9CC67 /* PBXContainerItemProxy */;
		};
/* End PBXTargetDependency section */

/* Begin XCBuildConfiguration section */
		B8596CCF2650066B00C9CC67 /* Debug */ = {
			isa = XCBuildConfiguration;
			buildSettings = {
				ALWAYS_SEARCH_USER_PATHS = NO;
				CLANG_ANALYZER_NONNULL = YES;
				CLANG_ANALYZER_NUMBER_OBJECT_CONVERSION = YES_AGGRESSIVE;
				CLANG_CXX_LANGUAGE_STANDARD = "gnu++14";
				CLANG_CXX_LIBRARY = "libc++";
				CLANG_ENABLE_MODULES = YES;
				CLANG_ENABLE_OBJC_ARC = YES;
				CLANG_ENABLE_OBJC_WEAK = YES;
				CLANG_WARN_BLOCK_CAPTURE_AUTORELEASING = YES;
				CLANG_WARN_BOOL_CONVERSION = YES;
				CLANG_WARN_COMMA = YES;
				CLANG_WARN_CONSTANT_CONVERSION = YES;
				CLANG_WARN_DEPRECATED_OBJC_IMPLEMENTATIONS = YES;
				CLANG_WARN_DIRECT_OBJC_ISA_USAGE = YES_ERROR;
				CLANG_WARN_DOCUMENTATION_COMMENTS = YES;
				CLANG_WARN_EMPTY_BODY = YES;
				CLANG_WARN_ENUM_CONVERSION = YES;
				CLANG_WARN_INFINITE_RECURSION = YES;
				CLANG_WARN_INT_CONVERSION = YES;
				CLANG_WARN_NON_LITERAL_NULL_CONVERSION = YES;
				CLANG_WARN_OBJC_IMPLICIT_RETAIN_SELF = YES;
				CLANG_WARN_OBJC_LITERAL_CONVERSION = YES;
				CLANG_WARN_OBJC_ROOT_CLASS = YES_ERROR;
				CLANG_WARN_QUOTED_INCLUDE_IN_FRAMEWORK_HEADER = YES;
				CLANG_WARN_RANGE_LOOP_ANALYSIS = YES;
				CLANG_WARN_STRICT_PROTOTYPES = YES;
				CLANG_WARN_SUSPICIOUS_MOVE = YES;
				CLANG_WARN_UNGUARDED_AVAILABILITY = YES_AGGRESSIVE;
				CLANG_WARN_UNREACHABLE_CODE = YES;
				CLANG_WARN__DUPLICATE_METHOD_MATCH = YES;
				COPY_PHASE_STRIP = NO;
				CURRENT_PROJECT_VERSION = 1;
				DEBUG_INFORMATION_FORMAT = dwarf;
				ENABLE_STRICT_OBJC_MSGSEND = YES;
				ENABLE_TESTABILITY = YES;
				GCC_C_LANGUAGE_STANDARD = gnu11;
				GCC_DYNAMIC_NO_PIC = NO;
				GCC_NO_COMMON_BLOCKS = YES;
				GCC_OPTIMIZATION_LEVEL = 0;
				GCC_PREPROCESSOR_DEFINITIONS = (
					"DEBUG=1",
					"$(inherited)",
				);
				GCC_WARN_64_TO_32_BIT_CONVERSION = YES;
				GCC_WARN_ABOUT_RETURN_TYPE = YES_ERROR;
				GCC_WARN_UNDECLARED_SELECTOR = YES;
				GCC_WARN_UNINITIALIZED_AUTOS = YES_AGGRESSIVE;
				GCC_WARN_UNUSED_FUNCTION = YES;
				GCC_WARN_UNUSED_VARIABLE = YES;
				IPHONEOS_DEPLOYMENT_TARGET = 14.4;
				MTL_ENABLE_DEBUG_INFO = INCLUDE_SOURCE;
				MTL_FAST_MATH = YES;
				ONLY_ACTIVE_ARCH = YES;
				SDKROOT = iphoneos;
				SWIFT_ACTIVE_COMPILATION_CONDITIONS = DEBUG;
				SWIFT_OPTIMIZATION_LEVEL = "-Onone";
				VERSIONING_SYSTEM = "apple-generic";
				VERSION_INFO_PREFIX = "";
			};
			name = Debug;
		};
		B8596CD02650066B00C9CC67 /* Release */ = {
			isa = XCBuildConfiguration;
			buildSettings = {
				ALWAYS_SEARCH_USER_PATHS = NO;
				CLANG_ANALYZER_NONNULL = YES;
				CLANG_ANALYZER_NUMBER_OBJECT_CONVERSION = YES_AGGRESSIVE;
				CLANG_CXX_LANGUAGE_STANDARD = "gnu++14";
				CLANG_CXX_LIBRARY = "libc++";
				CLANG_ENABLE_MODULES = YES;
				CLANG_ENABLE_OBJC_ARC = YES;
				CLANG_ENABLE_OBJC_WEAK = YES;
				CLANG_WARN_BLOCK_CAPTURE_AUTORELEASING = YES;
				CLANG_WARN_BOOL_CONVERSION = YES;
				CLANG_WARN_COMMA = YES;
				CLANG_WARN_CONSTANT_CONVERSION = YES;
				CLANG_WARN_DEPRECATED_OBJC_IMPLEMENTATIONS = YES;
				CLANG_WARN_DIRECT_OBJC_ISA_USAGE = YES_ERROR;
				CLANG_WARN_DOCUMENTATION_COMMENTS = YES;
				CLANG_WARN_EMPTY_BODY = YES;
				CLANG_WARN_ENUM_CONVERSION = YES;
				CLANG_WARN_INFINITE_RECURSION = YES;
				CLANG_WARN_INT_CONVERSION = YES;
				CLANG_WARN_NON_LITERAL_NULL_CONVERSION = YES;
				CLANG_WARN_OBJC_IMPLICIT_RETAIN_SELF = YES;
				CLANG_WARN_OBJC_LITERAL_CONVERSION = YES;
				CLANG_WARN_OBJC_ROOT_CLASS = YES_ERROR;
				CLANG_WARN_QUOTED_INCLUDE_IN_FRAMEWORK_HEADER = YES;
				CLANG_WARN_RANGE_LOOP_ANALYSIS = YES;
				CLANG_WARN_STRICT_PROTOTYPES = YES;
				CLANG_WARN_SUSPICIOUS_MOVE = YES;
				CLANG_WARN_UNGUARDED_AVAILABILITY = YES_AGGRESSIVE;
				CLANG_WARN_UNREACHABLE_CODE = YES;
				CLANG_WARN__DUPLICATE_METHOD_MATCH = YES;
				COPY_PHASE_STRIP = NO;
				CURRENT_PROJECT_VERSION = 1;
				DEBUG_INFORMATION_FORMAT = "dwarf-with-dsym";
				ENABLE_NS_ASSERTIONS = NO;
				ENABLE_STRICT_OBJC_MSGSEND = YES;
				GCC_C_LANGUAGE_STANDARD = gnu11;
				GCC_NO_COMMON_BLOCKS = YES;
				GCC_WARN_64_TO_32_BIT_CONVERSION = YES;
				GCC_WARN_ABOUT_RETURN_TYPE = YES_ERROR;
				GCC_WARN_UNDECLARED_SELECTOR = YES;
				GCC_WARN_UNINITIALIZED_AUTOS = YES_AGGRESSIVE;
				GCC_WARN_UNUSED_FUNCTION = YES;
				GCC_WARN_UNUSED_VARIABLE = YES;
				IPHONEOS_DEPLOYMENT_TARGET = 14.4;
				MTL_ENABLE_DEBUG_INFO = NO;
				MTL_FAST_MATH = YES;
				SDKROOT = iphoneos;
				SWIFT_COMPILATION_MODE = wholemodule;
				SWIFT_OPTIMIZATION_LEVEL = "-O";
				VALIDATE_PRODUCT = YES;
				VERSIONING_SYSTEM = "apple-generic";
				VERSION_INFO_PREFIX = "";
			};
			name = Release;
		};
		B8596CD22650066B00C9CC67 /* Debug */ = {
			isa = XCBuildConfiguration;
			buildSettings = {
				CLANG_ENABLE_MODULES = YES;
				CODE_SIGN_STYLE = Automatic;
				DEFINES_MODULE = YES;
				DEVELOPMENT_TEAM = GFX4R389MT;
				DYLIB_COMPATIBILITY_VERSION = 1;
				DYLIB_CURRENT_VERSION = 1;
				DYLIB_INSTALL_NAME_BASE = "@rpath";
				INFOPLIST_FILE = SivasSightsFetchAPI/Info.plist;
				INSTALL_PATH = "$(LOCAL_LIBRARY_DIR)/Frameworks";
				LD_RUNPATH_SEARCH_PATHS = (
					"$(inherited)",
					"@executable_path/Frameworks",
					"@loader_path/Frameworks",
				);
				PRODUCT_BUNDLE_IDENTIFIER = simpleapp.SivasSightsFetchAPI;
				PRODUCT_NAME = "$(TARGET_NAME:c99extidentifier)";
				SKIP_INSTALL = YES;
				SWIFT_OPTIMIZATION_LEVEL = "-Onone";
				SWIFT_VERSION = 5.0;
				TARGETED_DEVICE_FAMILY = "1,2";
			};
			name = Debug;
		};
		B8596CD32650066B00C9CC67 /* Release */ = {
			isa = XCBuildConfiguration;
			buildSettings = {
				CLANG_ENABLE_MODULES = YES;
				CODE_SIGN_STYLE = Automatic;
				DEFINES_MODULE = YES;
				DEVELOPMENT_TEAM = GFX4R389MT;
				DYLIB_COMPATIBILITY_VERSION = 1;
				DYLIB_CURRENT_VERSION = 1;
				DYLIB_INSTALL_NAME_BASE = "@rpath";
				INFOPLIST_FILE = SivasSightsFetchAPI/Info.plist;
				INSTALL_PATH = "$(LOCAL_LIBRARY_DIR)/Frameworks";
				LD_RUNPATH_SEARCH_PATHS = (
					"$(inherited)",
					"@executable_path/Frameworks",
					"@loader_path/Frameworks",
				);
				PRODUCT_BUNDLE_IDENTIFIER = simpleapp.SivasSightsFetchAPI;
				PRODUCT_NAME = "$(TARGET_NAME:c99extidentifier)";
				SKIP_INSTALL = YES;
				SWIFT_VERSION = 5.0;
				TARGETED_DEVICE_FAMILY = "1,2";
			};
			name = Release;
		};
		B8596CD52650066B00C9CC67 /* Debug */ = {
			isa = XCBuildConfiguration;
			buildSettings = {
				ALWAYS_EMBED_SWIFT_STANDARD_LIBRARIES = YES;
				CODE_SIGN_STYLE = Automatic;
				DEVELOPMENT_TEAM = GFX4R389MT;
				INFOPLIST_FILE = SivasSightsFetchAPITests/Info.plist;
				LD_RUNPATH_SEARCH_PATHS = (
					"$(inherited)",
					"@executable_path/Frameworks",
					"@loader_path/Frameworks",
				);
				PRODUCT_BUNDLE_IDENTIFIER = simpleapp.SivasSightsFetchAPITests;
				PRODUCT_NAME = "$(TARGET_NAME)";
				SWIFT_VERSION = 5.0;
				TARGETED_DEVICE_FAMILY = "1,2";
			};
			name = Debug;
		};
		B8596CD62650066B00C9CC67 /* Release */ = {
			isa = XCBuildConfiguration;
			buildSettings = {
				ALWAYS_EMBED_SWIFT_STANDARD_LIBRARIES = YES;
				CODE_SIGN_STYLE = Automatic;
				DEVELOPMENT_TEAM = GFX4R389MT;
				INFOPLIST_FILE = SivasSightsFetchAPITests/Info.plist;
				LD_RUNPATH_SEARCH_PATHS = (
					"$(inherited)",
					"@executable_path/Frameworks",
					"@loader_path/Frameworks",
				);
				PRODUCT_BUNDLE_IDENTIFIER = simpleapp.SivasSightsFetchAPITests;
				PRODUCT_NAME = "$(TARGET_NAME)";
				SWIFT_VERSION = 5.0;
				TARGETED_DEVICE_FAMILY = "1,2";
			};
			name = Release;
		};
/* End XCBuildConfiguration section */

/* Begin XCConfigurationList section */
		B8596CB72650066A00C9CC67 /* Build configuration list for PBXProject "SivasSightsFetchAPI" */ = {
			isa = XCConfigurationList;
			buildConfigurations = (
				B8596CCF2650066B00C9CC67 /* Debug */,
				B8596CD02650066B00C9CC67 /* Release */,
			);
			defaultConfigurationIsVisible = 0;
			defaultConfigurationName = Release;
		};
		B8596CD12650066B00C9CC67 /* Build configuration list for PBXNativeTarget "SivasSightsFetchAPI" */ = {
			isa = XCConfigurationList;
			buildConfigurations = (
				B8596CD22650066B00C9CC67 /* Debug */,
				B8596CD32650066B00C9CC67 /* Release */,
			);
			defaultConfigurationIsVisible = 0;
			defaultConfigurationName = Release;
		};
		B8596CD42650066B00C9CC67 /* Build configuration list for PBXNativeTarget "SivasSightsFetchAPITests" */ = {
			isa = XCConfigurationList;
			buildConfigurations = (
				B8596CD52650066B00C9CC67 /* Debug */,
				B8596CD62650066B00C9CC67 /* Release */,
			);
			defaultConfigurationIsVisible = 0;
			defaultConfigurationName = Release;
		};
/* End XCConfigurationList section */
	};
	rootObject = B8596CB42650066A00C9CC67 /* Project object */;
}
